
Microsoft Visual Studio Solution File, Format Version 12.00
# Visual Studio Version 17
VisualStudioVersion = 17.0.32014.148
MinimumVisualStudioVersion = 10.0.40219.1
Project("{9A19103F-16F7-4668-BE54-9A1E7A4F7556}") = "CarRentalManagement.Server", "CarRentalManagement\Server\CarRentalManagement.Server.csproj", "{90224E9B-DB76-423C-B289-2DEA80A73541}"
EndProject
Project("{9A19103F-16F7-4668-BE54-9A1E7A4F7556}") = "CarRentalManagement.Client", "CarRentalManagement\Client\CarRentalManagement.Client.csproj", "{7F1C146B-5D80-4EC1-A6CE-9098FF843B18}"
EndProject
Project("{9A19103F-16F7-4668-BE54-9A1E7A4F7556}") = "CarRentalManagement.Shared", "CarRentalManagement\Shared\CarRentalManagement.Shared.csproj", "{2E3A108F-D21A-4153-9E92-71C06907A30F}"
EndProject
Global
	GlobalSection(SolutionConfigurationPlatforms) = preSolution
		Debug|Any CPU = Debug|Any CPU
		Release|Any CPU = Release|Any CPU
	EndGlobalSection
	GlobalSection(ProjectConfigurationPlatforms) = postSolution
		{90224E9B-DB76-423C-B289-2DEA80A73541}.Debug|Any CPU.ActiveCfg = Debug|Any CPU
		{90224E9B-DB76-423C-B289-2DEA80A73541}.Debug|Any CPU.Build.0 = Debug|Any CPU
		{90224E9B-DB76-423C-B289-2DEA80A73541}.Release|Any CPU.ActiveCfg = Release|Any CPU
		{90224E9B-DB76-423C-B289-2DEA80A73541}.Release|Any CPU.Build.0 = Release|Any CPU
		{7F1C146B-5D80-4EC1-A6CE-9098FF843B18}.Debug|Any CPU.ActiveCfg = Debug|Any CPU
		{7F1C146B-5D80-4EC1-A6CE-9098FF843B18}.Debug|Any CPU.Build.0 = Debug|Any CPU
		{7F1C146B-5D80-4EC1-A6CE-9098FF843B18}.Release|Any CPU.ActiveCfg = Release|Any CPU
		{7F1C146B-5D80-4EC1-A6CE-9098FF843B18}.Release|Any CPU.Build.0 = Release|Any CPU
		{2E3A108F-D21A-4153-9E92-71C06907A30F}.Debug|Any CPU.ActiveCfg = Debug|Any CPU
		{2E3A108F-D21A-4153-9E92-71C06907A30F}.Debug|Any CPU.Build.0 = Debug|Any CPU
		{2E3A108F-D21A-4153-9E92-71C06907A30F}.Release|Any CPU.ActiveCfg = Release|Any CPU
		{2E3A108F-D21A-4153-9E92-71C06907A30F}.Release|Any CPU.Build.0 = Release|Any CPU
	EndGlobalSection
	GlobalSection(SolutionProperties) = preSolution
		HideSolutionNode = FALSE
	EndGlobalSection
	GlobalSection(ExtensibilityGlobals) = postSolution
		SolutionGuid = {DCD3BF25-8EA8-4F84-A134-74C5F5A2C384}
	EndGlobalSection
EndGlobal
